
Microsoft Visual Studio Solution File, Format Version 12.00
# Visual Studio Version 16
VisualStudioVersion = 16.0.29905.134
MinimumVisualStudioVersion = 10.0.40219.1
Project("{FAE04EC0-301F-11D3-BF4B-00C04F79EFBC}") = "ModułZarządzaniaPersonelem", "ModułZarządzaniaPersonelem\ModułZarządzaniaPersonelem.csproj", "{F1EB7A5A-125D-46C4-BAE1-A0591C0A971F}"
EndProject
Project("{FAE04EC0-301F-11D3-BF4B-00C04F79EFBC}") = "TestyJednostkowe", "TestyJednostkowe\TestyJednostkowe.csproj", "{85A16F79-5F9F-4214-973A-81FD22D6B7A2}"
EndProject
Global
	GlobalSection(SolutionConfigurationPlatforms) = preSolution
		Debug|Any CPU = Debug|Any CPU
		Release|Any CPU = Release|Any CPU
	EndGlobalSection
	GlobalSection(ProjectConfigurationPlatforms) = postSolution
		{F1EB7A5A-125D-46C4-BAE1-A0591C0A971F}.Debug|Any CPU.ActiveCfg = Debug|Any CPU
		{F1EB7A5A-125D-46C4-BAE1-A0591C0A971F}.Debug|Any CPU.Build.0 = Debug|Any CPU
		{F1EB7A5A-125D-46C4-BAE1-A0591C0A971F}.Release|Any CPU.ActiveCfg = Release|Any CPU
		{F1EB7A5A-125D-46C4-BAE1-A0591C0A971F}.Release|Any CPU.Build.0 = Release|Any CPU
		{85A16F79-5F9F-4214-973A-81FD22D6B7A2}.Debug|Any CPU.ActiveCfg = Debug|Any CPU
		{85A16F79-5F9F-4214-973A-81FD22D6B7A2}.Debug|Any CPU.Build.0 = Debug|Any CPU
		{85A16F79-5F9F-4214-973A-81FD22D6B7A2}.Release|Any CPU.ActiveCfg = Release|Any CPU
		{85A16F79-5F9F-4214-973A-81FD22D6B7A2}.Release|Any CPU.Build.0 = Release|Any CPU
	EndGlobalSection
	GlobalSection(SolutionProperties) = preSolution
		HideSolutionNode = FALSE
	EndGlobalSection
	GlobalSection(ExtensibilityGlobals) = postSolution
		SolutionGuid = {A189F48B-6395-42A7-AEBD-6ABA381E3E6C}
	EndGlobalSection
EndGlobal
